{
  "name": "@anoblet/eye-chart",
  "version": "1.0.0",
  "lockfileVersion": 1,
  "requires": true,
  "dependencies": {
    "@polymer/font-roboto": {
      "version": "3.0.2",
      "resolved": "https://registry.npmjs.org/@polymer/font-roboto/-/font-roboto-3.0.2.tgz",
      "integrity": "sha512-tx5TauYSmzsIvmSqepUPDYbs4/Ejz2XbZ1IkD7JEGqkdNUJlh+9KU85G56Tfdk/xjEZ8zorFfN09OSwiMrIQWA=="
    },
    "@polymer/iron-a11y-announcer": {
      "version": "3.0.1",
      "resolved": "https://registry.npmjs.org/@polymer/iron-a11y-announcer/-/iron-a11y-announcer-3.0.1.tgz",
      "integrity": "sha512-Xiqmpz0AEEbMNGYPpbrXBIrcI/xaR4tn77pmSLfxVKGGwjEUR/YrRgyIwXp4EN7lvst1dFC8kyl2hLga0uDIVQ==",
      "requires": {
        "@polymer/polymer": "3.0.5"
      }
    },
    "@polymer/iron-a11y-keys-behavior": {
      "version": "3.0.1",
      "resolved": "https://registry.npmjs.org/@polymer/iron-a11y-keys-behavior/-/iron-a11y-keys-behavior-3.0.1.tgz",
      "integrity": "sha512-lnrjKq3ysbBPT/74l0Fj0U9H9C35Tpw2C/tpJ8a+5g8Y3YJs1WSZYnEl1yOkw6sEyaxOq/1DkzH0+60gGu5/PQ==",
      "requires": {
        "@polymer/polymer": "3.0.5"
      }
    },
    "@polymer/iron-autogrow-textarea": {
      "version": "3.0.1",
      "resolved": "https://registry.npmjs.org/@polymer/iron-autogrow-textarea/-/iron-autogrow-textarea-3.0.1.tgz",
      "integrity": "sha512-FgSL7APrOSL9Vu812sBCFlQ17hvnJsBAV2C2e1UAiaHhB+dyfLq8gGdGUpqVWuGJ50q4Y/49QwCNnLf85AdVYA==",
      "requires": {
        "@polymer/iron-behaviors": "3.0.1",
        "@polymer/iron-flex-layout": "3.0.1",
        "@polymer/iron-validatable-behavior": "3.0.1",
        "@polymer/polymer": "3.0.5"
      }
    },
    "@polymer/iron-behaviors": {
      "version": "3.0.1",
      "resolved": "https://registry.npmjs.org/@polymer/iron-behaviors/-/iron-behaviors-3.0.1.tgz",
      "integrity": "sha512-IMEwcv1lhf1HSQxuyWOUIL0lOBwmeaoSTpgCJeP9IBYnuB1SPQngmfRuHKgK6/m9LQ9F9miC7p3HeQQUdKAE0w==",
      "requires": {
        "@polymer/iron-a11y-keys-behavior": "3.0.1",
        "@polymer/polymer": "3.0.5"
      }
    },
    "@polymer/iron-checked-element-behavior": {
      "version": "3.0.1",
      "resolved": "https://registry.npmjs.org/@polymer/iron-checked-element-behavior/-/iron-checked-element-behavior-3.0.1.tgz",
      "integrity": "sha512-aDr0cbCNVq49q+pOqa6CZutFh+wWpwPMLpEth9swx+GkAj+gCURhuQkaUYhIo5f2egDbEioR1aeHMnPlU9dQZA==",
      "requires": {
        "@polymer/iron-form-element-behavior": "3.0.1",
        "@polymer/iron-validatable-behavior": "3.0.1",
        "@polymer/polymer": "3.0.5"
      }
    },
    "@polymer/iron-flex-layout": {
      "version": "3.0.1",
      "resolved": "https://registry.npmjs.org/@polymer/iron-flex-layout/-/iron-flex-layout-3.0.1.tgz",
      "integrity": "sha512-7gB869czArF+HZcPTVSgvA7tXYFze9EKckvM95NB7SqYF+NnsQyhoXgKnpFwGyo95lUjUW9TFDLUwDXnCYFtkw==",
      "requires": {
        "@polymer/polymer": "3.0.5"
      }
    },
    "@polymer/iron-form-element-behavior": {
      "version": "3.0.1",
      "resolved": "https://registry.npmjs.org/@polymer/iron-form-element-behavior/-/iron-form-element-behavior-3.0.1.tgz",
      "integrity": "sha512-G/e2KXyL5AY7mMjmomHkGpgS0uAf4ovNpKhkuUTRnMuMJuf589bKqE85KN4ovE1Tzhv2hJoh/igyD6ekHiYU1A==",
      "requires": {
        "@polymer/polymer": "3.0.5"
      }
    },
    "@polymer/iron-input": {
      "version": "3.0.1",
      "resolved": "https://registry.npmjs.org/@polymer/iron-input/-/iron-input-3.0.1.tgz",
      "integrity": "sha512-WLx13kEcbH9GKbj9+pWR6pbJkA5kxn3796ynx6eQd2rueMyUfVTR3GzOvadBKsciUuIuzrxpBWZ2+3UcueVUQQ==",
      "requires": {
        "@polymer/iron-a11y-announcer": "3.0.1",
        "@polymer/iron-validatable-behavior": "3.0.1",
        "@polymer/polymer": "3.0.5"
      }
    },
    "@polymer/iron-meta": {
      "version": "3.0.1",
      "resolved": "https://registry.npmjs.org/@polymer/iron-meta/-/iron-meta-3.0.1.tgz",
      "integrity": "sha512-pWguPugiLYmWFV9UWxLWzZ6gm4wBwQdDy4VULKwdHCqR7OP7u98h+XDdGZsSlDPv6qoryV/e3tGHlTIT0mbzJA==",
      "requires": {
        "@polymer/polymer": "3.0.5"
      }
    },
    "@polymer/iron-range-behavior": {
      "version": "3.0.1",
      "resolved": "https://registry.npmjs.org/@polymer/iron-range-behavior/-/iron-range-behavior-3.0.1.tgz",
      "integrity": "sha512-+jtL9v45M/T1RJleWyQaNH84S9/mIIR+AjNbYIttbKGp1eG+98j8MDWe7LXNtg79V2LQnE/+VS82cBeELyGVeg==",
      "requires": {
        "@polymer/polymer": "3.0.5"
      }
    },
    "@polymer/iron-validatable-behavior": {
      "version": "3.0.1",
      "resolved": "https://registry.npmjs.org/@polymer/iron-validatable-behavior/-/iron-validatable-behavior-3.0.1.tgz",
      "integrity": "sha512-wwpYh6wOa4fNI+jH5EYKC7TVPYQ2OfgQqocWat7GsNWcsblKYhLYbwsvEY5nO0n2xKqNfZzDLrUom5INJN7msQ==",
      "requires": {
        "@polymer/iron-meta": "3.0.1",
        "@polymer/polymer": "3.0.5"
      }
    },
    "@polymer/lit-element": {
      "version": "0.6.2",
      "resolved": "https://registry.npmjs.org/@polymer/lit-element/-/lit-element-0.6.2.tgz",
      "integrity": "sha512-4NWvK6SyAyyeW1mQ24ZVR+rtqZNHZ2JWnVTsPF/1iXnmmPwnpLs8mz0HRqz5adyoyt96ed/y2dsDwGBktJYyew==",
      "requires": {
        "lit-html": "0.12.0"
      }
    },
    "@polymer/paper-behaviors": {
      "version": "3.0.1",
      "resolved": "https://registry.npmjs.org/@polymer/paper-behaviors/-/paper-behaviors-3.0.1.tgz",
      "integrity": "sha512-6knhj69fPJejv8qR0kCSUY+Q0XjaUf0OSnkjRjmTJPAwSrRYtgqE+l6P1FfA+py1X/cUjgne9EF5rMZAKJIg1g==",
      "requires": {
        "@polymer/iron-behaviors": "3.0.1",
        "@polymer/iron-checked-element-behavior": "3.0.1",
        "@polymer/paper-ripple": "3.0.1",
        "@polymer/polymer": "3.0.5"
      }
    },
    "@polymer/paper-input": {
      "version": "3.0.1",
      "resolved": "https://registry.npmjs.org/@polymer/paper-input/-/paper-input-3.0.1.tgz",
      "integrity": "sha512-th6fuP6PyQEBJSWVtJQ/ZsoQp8Zysq4bRIOg2uGZsNX6gfm6AVoMph5pXOlS8RHoVDDYDG9GRjQib7JPSWKkrw==",
      "requires": {
        "@polymer/iron-a11y-keys-behavior": "3.0.1",
        "@polymer/iron-autogrow-textarea": "3.0.1",
        "@polymer/iron-behaviors": "3.0.1",
        "@polymer/iron-form-element-behavior": "3.0.1",
        "@polymer/iron-input": "3.0.1",
        "@polymer/paper-styles": "3.0.1",
        "@polymer/polymer": "3.0.5"
      }
    },
    "@polymer/paper-progress": {
      "version": "3.0.1",
      "resolved": "https://registry.npmjs.org/@polymer/paper-progress/-/paper-progress-3.0.1.tgz",
      "integrity": "sha512-5nguG+tmnyoaWKVNG8Smtno2uLSPBgEsT3f20JY8yJTjUBYWaqa8E3l5RLkTRXgA4x9OnvLb8/CdlQWXQIogBg==",
      "requires": {
        "@polymer/iron-flex-layout": "3.0.1",
        "@polymer/iron-range-behavior": "3.0.1",
        "@polymer/paper-styles": "3.0.1",
        "@polymer/polymer": "3.0.5"
      }
    },
    "@polymer/paper-ripple": {
      "version": "3.0.1",
      "resolved": "https://registry.npmjs.org/@polymer/paper-ripple/-/paper-ripple-3.0.1.tgz",
      "integrity": "sha512-dgOe12GyCF1VZBLUQqnzGWlf3xb255FajNCVB1VFj/AtskYtoamnafa7m3a+1vs+C8qbg4Benn5KwgxVDSW4cg==",
      "requires": {
        "@polymer/iron-a11y-keys-behavior": "3.0.1",
        "@polymer/polymer": "3.0.5"
      }
    },
    "@polymer/paper-slider": {
      "version": "3.0.1",
      "resolved": "https://registry.npmjs.org/@polymer/paper-slider/-/paper-slider-3.0.1.tgz",
      "integrity": "sha512-TNA8nEQci1fe3vTQQaFwkPj9p9yTLSr9Mhe8xQSTHpFNKun1rsp91LlKJmiKJDO7xU9RGZmA2mRlQwaj6kgR3g==",
      "requires": {
        "@polymer/iron-a11y-keys-behavior": "3.0.1",
        "@polymer/iron-behaviors": "3.0.1",
        "@polymer/iron-flex-layout": "3.0.1",
        "@polymer/iron-form-element-behavior": "3.0.1",
        "@polymer/paper-behaviors": "3.0.1",
        "@polymer/paper-input": "3.0.1",
        "@polymer/paper-progress": "3.0.1",
        "@polymer/paper-styles": "3.0.1",
        "@polymer/polymer": "3.0.5"
      }
    },
    "@polymer/paper-styles": {
      "version": "3.0.1",
      "resolved": "https://registry.npmjs.org/@polymer/paper-styles/-/paper-styles-3.0.1.tgz",
      "integrity": "sha512-y6hmObLqlCx602TQiSBKHqjwkE7xmDiFkoxdYGaNjtv4xcysOTdVJsDR/R9UHwIaxJ7gHlthMSykir1nv78++g==",
      "requires": {
        "@polymer/font-roboto": "3.0.2",
        "@polymer/iron-flex-layout": "3.0.1",
        "@polymer/polymer": "3.0.5"
      }
    },
    "@polymer/polymer": {
      "version": "3.0.5",
      "resolved": "https://registry.npmjs.org/@polymer/polymer/-/polymer-3.0.5.tgz",
      "integrity": "sha512-Zbmhtr5vZ3NoHWwFYLKI4ff7yfE6DZopI8vaS7HvmUIuNqsv/EpEDXfNEYjqePQmkMX5LU9OIKV1eX/+9aveow==",
      "requires": {
        "@webcomponents/shadycss": "1.5.2"
      }
    },
    "@webcomponents/shadycss": {
      "version": "1.5.2",
      "resolved": "https://registry.npmjs.org/@webcomponents/shadycss/-/shadycss-1.5.2.tgz",
      "integrity": "sha512-0OyrmVc7S+INtzoqP2ofAo+OdVn2Nj0Qvq4wD9FEGN7nMmLRxaD2mzy6hD6EslzxUSuGH302CDU4KXiY66SEqg=="
    },
    "lit-html": {
      "version": "0.12.0",
      "resolved": "https://registry.npmjs.org/lit-html/-/lit-html-0.12.0.tgz",
      "integrity": "sha512-NyFgq8yTlGEjUFQOmNnK/kj+ZdDVJzTwsLunNSewGiOns7SjuJi6ymCCqzZZ81uW2VwEmliMbOlFZc9QmOJPLA=="
    }
  }
}
